
Microsoft Visual Studio Solution File, Format Version 12.00
# Visual Studio Version 17
VisualStudioVersion = 17.13.35931.197 d17.13
MinimumVisualStudioVersion = 10.0.40219.1
Project("{FAE04EC0-301F-11D3-BF4B-00C04F79EFBC}") = "AutoStocker.Api", "AutoStocker.Api\AutoStocker.Api.csproj", "{C5B216CD-837E-4CE8-8AA2-4F5EADB8BB3E}"
EndProject
Project("{FAE04EC0-301F-11D3-BF4B-00C04F79EFBC}") = "AutoStocker.Domain", "AutoStocker.Core\AutoStocker.Domain.csproj", "{C4A5034C-6E63-4DD4-BFFD-18CACE878D55}"
EndProject
Project("{FAE04EC0-301F-11D3-BF4B-00C04F79EFBC}") = "AutoStocker.Infrastructure", "AutoStocker.Infrastructure\AutoStocker.Infrastructure.csproj", "{DAD29214-0ABD-4706-AF45-65D3D264F17F}"
EndProject
Project("{FAE04EC0-301F-11D3-BF4B-00C04F79EFBC}") = "AutoStocker.Application", "AutoStocker.Application\AutoStocker.Application.csproj", "{CD7ED1DB-A9BC-4A88-B682-67D1706F2013}"
EndProject
Project("{2150E333-8FDC-42A3-9474-1A3956D46DE8}") = "Solution Items", "Solution Items", "{8EC462FD-D22E-90A8-E5CE-7E832BA40C5D}"
	ProjectSection(SolutionItems) = preProject
		README.md = README.md
	EndProjectSection
EndProject
Global
	GlobalSection(SolutionConfigurationPlatforms) = preSolution
		Debug|Any CPU = Debug|Any CPU
		Release|Any CPU = Release|Any CPU
	EndGlobalSection
	GlobalSection(ProjectConfigurationPlatforms) = postSolution
		{C5B216CD-837E-4CE8-8AA2-4F5EADB8BB3E}.Debug|Any CPU.ActiveCfg = Debug|Any CPU
		{C5B216CD-837E-4CE8-8AA2-4F5EADB8BB3E}.Debug|Any CPU.Build.0 = Debug|Any CPU
		{C5B216CD-837E-4CE8-8AA2-4F5EADB8BB3E}.Release|Any CPU.ActiveCfg = Release|Any CPU
		{C5B216CD-837E-4CE8-8AA2-4F5EADB8BB3E}.Release|Any CPU.Build.0 = Release|Any CPU
		{C4A5034C-6E63-4DD4-BFFD-18CACE878D55}.Debug|Any CPU.ActiveCfg = Debug|Any CPU
		{C4A5034C-6E63-4DD4-BFFD-18CACE878D55}.Debug|Any CPU.Build.0 = Debug|Any CPU
		{C4A5034C-6E63-4DD4-BFFD-18CACE878D55}.Release|Any CPU.ActiveCfg = Release|Any CPU
		{C4A5034C-6E63-4DD4-BFFD-18CACE878D55}.Release|Any CPU.Build.0 = Release|Any CPU
		{DAD29214-0ABD-4706-AF45-65D3D264F17F}.Debug|Any CPU.ActiveCfg = Debug|Any CPU
		{DAD29214-0ABD-4706-AF45-65D3D264F17F}.Debug|Any CPU.Build.0 = Debug|Any CPU
		{DAD29214-0ABD-4706-AF45-65D3D264F17F}.Release|Any CPU.ActiveCfg = Release|Any CPU
		{DAD29214-0ABD-4706-AF45-65D3D264F17F}.Release|Any CPU.Build.0 = Release|Any CPU
		{CD7ED1DB-A9BC-4A88-B682-67D1706F2013}.Debug|Any CPU.ActiveCfg = Debug|Any CPU
		{CD7ED1DB-A9BC-4A88-B682-67D1706F2013}.Debug|Any CPU.Build.0 = Debug|Any CPU
		{CD7ED1DB-A9BC-4A88-B682-67D1706F2013}.Release|Any CPU.ActiveCfg = Release|Any CPU
		{CD7ED1DB-A9BC-4A88-B682-67D1706F2013}.Release|Any CPU.Build.0 = Release|Any CPU
	EndGlobalSection
	GlobalSection(SolutionProperties) = preSolution
		HideSolutionNode = FALSE
	EndGlobalSection
	GlobalSection(ExtensibilityGlobals) = postSolution
		SolutionGuid = {EC3FDAB2-411B-4AEE-836A-B5E48A310DE5}
	EndGlobalSection
EndGlobal
